{
  "version": 4,
  "terraform_version": "1.5.0",
  "serial": 303,
  "lineage": "bbdbb64a-7e04-e2b5-3a01-e0cca722787c",
  "outputs": {},
  "resources": [
    {
      "mode": "data",
      "type": "template_file",
      "name": "user_data",
      "provider": "provider[\"registry.terraform.io/hashicorp/template\"]",
      "instances": [
        {
          "index_key": 0,
          "schema_version": 0,
          "attributes": {
            "filename": null,
            "id": "1db77186c0efaac318173dc6180926eeb76628972e284c60ed2bfe58e852b8d1",
            "rendered": "#cloud-config\nusers:\n  - name: ubuntu\n    sudo: ['ALL=(ALL) NOPASSWD:ALL']\n    shell: /bin/bash\n\nchpasswd:\n  list: |\n    ubuntu:ubuntu\n  expire: False\n\nssh_pwauth: True\n\npackages:\n  - qemu-guest-agent\n\nwrite_files:\n  - path: /etc/netplan/50-cloud-init.yaml\n    content: |\n      network:\n        version: 2\n        renderer: networkd\n        ethernets:\n          ens3:\n            dhcp4: no\n            addresses:\n              - 211.39.158.195/24\n            gateway4: 211.39.158.1\n            nameservers:\n              addresses:\n                - 8.8.8.8\n                - 8.8.4.4\nruncmd:\n  - systemctl enable qemu-guest-agent\n  - systemctl start qemu-guest-agent\n  - netplan apply\n\n",
            "template": "#cloud-config\nusers:\n  - name: ubuntu\n    sudo: ['ALL=(ALL) NOPASSWD:ALL']\n    shell: /bin/bash\n\nchpasswd:\n  list: |\n    ubuntu:ubuntu\n  expire: False\n\nssh_pwauth: True\n\npackages:\n  - qemu-guest-agent\n\nwrite_files:\n  - path: /etc/netplan/50-cloud-init.yaml\n    content: |\n      network:\n        version: 2\n        renderer: networkd\n        ethernets:\n          ens3:\n            dhcp4: no\n            addresses:\n              - ${net_prefix}.${IP_addr}/24\n            gateway4: ${net_prefix}.1\n            nameservers:\n              addresses:\n                - 8.8.8.8\n                - 8.8.4.4\nruncmd:\n  - systemctl enable qemu-guest-agent\n  - systemctl start qemu-guest-agent\n  - netplan apply\n\n",
            "vars": {
              "IP_addr": "195",
              "hostname": "master01",
              "net_prefix": "211.39.158",
              "ssh_public_key": "ssh-rsa AAAAB3NzaC1yc2EAAAADAQABAAACAQDbgunKCXdDlrY0v0Eo8BFH0SqZ7HXuuBVzt+rf9CWL8zft4wbFTzn0gE4VcMnOB9WWaZr2jNgl9Mh1crB/KmGCGglTWsUnnJPVbQmtrzL+y6WjPUxjby79a3RZaifcOyeu22hUKO73jfLqPvBxQUxzSNmkFKCZn79j96/Sck0x//JcJHm8w7E1WQKwb0zrKC4jDfAy6JeDmHlOYESdSSOX5nZlP0WyBFMq4VjUc/75HFSoeeMSiLFu8An0HZdL3udgDTt2DFoUvjNXBi47MjuIAD1nuJ2cI3hmc91ZSNndAA9Xfoz1qaoiq8pi1BMbP8Sqa9pcyMT0Jn+TtC5BgJebSEAOVTCOMkCYgDgCl+559cYsNT55RtbzwTzFzS4lmZKWxanNp57C7xaHuNWbYNj55WsNCPsje8bFsMqn1kF0Ji4LmXHePXRJCyUOlNxM/77M/+T3UyGbI3dCUkObYwOf+RJwsbzeqmk/Jbfqjt+tDT8betsptsRBONc54v48hfhl8pE5O1vU40eI89BnBPL20McsEU3OXWfOVQpN6j6bMVeDpis4PMweywaj7fWIFtE20SxsjOJW3E5OOuWT68J6BTbLON7o7oLbDmwlur/4jjo8dsV22CnxlNyDebnj6jiAgw/Y73obUvFpoge0JMvWNTbGCh3L+9Rxd/v57H958Q== ubuntu@gnetworks-server-3\n",
              "ssh_user": "chomin",
              "sshdport": "22"
            }
          },
          "sensitive_attributes": []
        },
        {
          "index_key": 1,
          "schema_version": 0,
          "attributes": {
            "filename": null,
            "id": "d3344adf8a39dfc6743d9a5ccbc55da0ec3781b5fe2fd4144d0fef971fd06ba2",
            "rendered": "#cloud-config\nusers:\n  - name: ubuntu\n    sudo: ['ALL=(ALL) NOPASSWD:ALL']\n    shell: /bin/bash\n\nchpasswd:\n  list: |\n    ubuntu:ubuntu\n  expire: False\n\nssh_pwauth: True\n\npackages:\n  - qemu-guest-agent\n\nwrite_files:\n  - path: /etc/netplan/50-cloud-init.yaml\n    content: |\n      network:\n        version: 2\n        renderer: networkd\n        ethernets:\n          ens3:\n            dhcp4: no\n            addresses:\n              - 211.39.158.196/24\n            gateway4: 211.39.158.1\n            nameservers:\n              addresses:\n                - 8.8.8.8\n                - 8.8.4.4\nruncmd:\n  - systemctl enable qemu-guest-agent\n  - systemctl start qemu-guest-agent\n  - netplan apply\n\n",
            "template": "#cloud-config\nusers:\n  - name: ubuntu\n    sudo: ['ALL=(ALL) NOPASSWD:ALL']\n    shell: /bin/bash\n\nchpasswd:\n  list: |\n    ubuntu:ubuntu\n  expire: False\n\nssh_pwauth: True\n\npackages:\n  - qemu-guest-agent\n\nwrite_files:\n  - path: /etc/netplan/50-cloud-init.yaml\n    content: |\n      network:\n        version: 2\n        renderer: networkd\n        ethernets:\n          ens3:\n            dhcp4: no\n            addresses:\n              - ${net_prefix}.${IP_addr}/24\n            gateway4: ${net_prefix}.1\n            nameservers:\n              addresses:\n                - 8.8.8.8\n                - 8.8.4.4\nruncmd:\n  - systemctl enable qemu-guest-agent\n  - systemctl start qemu-guest-agent\n  - netplan apply\n\n",
            "vars": {
              "IP_addr": "196",
              "hostname": "master02",
              "net_prefix": "211.39.158",
              "ssh_public_key": "ssh-rsa AAAAB3NzaC1yc2EAAAADAQABAAACAQDbgunKCXdDlrY0v0Eo8BFH0SqZ7HXuuBVzt+rf9CWL8zft4wbFTzn0gE4VcMnOB9WWaZr2jNgl9Mh1crB/KmGCGglTWsUnnJPVbQmtrzL+y6WjPUxjby79a3RZaifcOyeu22hUKO73jfLqPvBxQUxzSNmkFKCZn79j96/Sck0x//JcJHm8w7E1WQKwb0zrKC4jDfAy6JeDmHlOYESdSSOX5nZlP0WyBFMq4VjUc/75HFSoeeMSiLFu8An0HZdL3udgDTt2DFoUvjNXBi47MjuIAD1nuJ2cI3hmc91ZSNndAA9Xfoz1qaoiq8pi1BMbP8Sqa9pcyMT0Jn+TtC5BgJebSEAOVTCOMkCYgDgCl+559cYsNT55RtbzwTzFzS4lmZKWxanNp57C7xaHuNWbYNj55WsNCPsje8bFsMqn1kF0Ji4LmXHePXRJCyUOlNxM/77M/+T3UyGbI3dCUkObYwOf+RJwsbzeqmk/Jbfqjt+tDT8betsptsRBONc54v48hfhl8pE5O1vU40eI89BnBPL20McsEU3OXWfOVQpN6j6bMVeDpis4PMweywaj7fWIFtE20SxsjOJW3E5OOuWT68J6BTbLON7o7oLbDmwlur/4jjo8dsV22CnxlNyDebnj6jiAgw/Y73obUvFpoge0JMvWNTbGCh3L+9Rxd/v57H958Q== ubuntu@gnetworks-server-3\n",
              "ssh_user": "chomin",
              "sshdport": "22"
            }
          },
          "sensitive_attributes": []
        },
        {
          "index_key": 2,
          "schema_version": 0,
          "attributes": {
            "filename": null,
            "id": "9fd7b1fe295530a29a2d4fe6f49bf69ebc6138bb7be3c2c6a3470f8e33ee24f9",
            "rendered": "#cloud-config\nusers:\n  - name: ubuntu\n    sudo: ['ALL=(ALL) NOPASSWD:ALL']\n    shell: /bin/bash\n\nchpasswd:\n  list: |\n    ubuntu:ubuntu\n  expire: False\n\nssh_pwauth: True\n\npackages:\n  - qemu-guest-agent\n\nwrite_files:\n  - path: /etc/netplan/50-cloud-init.yaml\n    content: |\n      network:\n        version: 2\n        renderer: networkd\n        ethernets:\n          ens3:\n            dhcp4: no\n            addresses:\n              - 211.39.158.197/24\n            gateway4: 211.39.158.1\n            nameservers:\n              addresses:\n                - 8.8.8.8\n                - 8.8.4.4\nruncmd:\n  - systemctl enable qemu-guest-agent\n  - systemctl start qemu-guest-agent\n  - netplan apply\n\n",
            "template": "#cloud-config\nusers:\n  - name: ubuntu\n    sudo: ['ALL=(ALL) NOPASSWD:ALL']\n    shell: /bin/bash\n\nchpasswd:\n  list: |\n    ubuntu:ubuntu\n  expire: False\n\nssh_pwauth: True\n\npackages:\n  - qemu-guest-agent\n\nwrite_files:\n  - path: /etc/netplan/50-cloud-init.yaml\n    content: |\n      network:\n        version: 2\n        renderer: networkd\n        ethernets:\n          ens3:\n            dhcp4: no\n            addresses:\n              - ${net_prefix}.${IP_addr}/24\n            gateway4: ${net_prefix}.1\n            nameservers:\n              addresses:\n                - 8.8.8.8\n                - 8.8.4.4\nruncmd:\n  - systemctl enable qemu-guest-agent\n  - systemctl start qemu-guest-agent\n  - netplan apply\n\n",
            "vars": {
              "IP_addr": "197",
              "hostname": "master03",
              "net_prefix": "211.39.158",
              "ssh_public_key": "ssh-rsa AAAAB3NzaC1yc2EAAAADAQABAAACAQDbgunKCXdDlrY0v0Eo8BFH0SqZ7HXuuBVzt+rf9CWL8zft4wbFTzn0gE4VcMnOB9WWaZr2jNgl9Mh1crB/KmGCGglTWsUnnJPVbQmtrzL+y6WjPUxjby79a3RZaifcOyeu22hUKO73jfLqPvBxQUxzSNmkFKCZn79j96/Sck0x//JcJHm8w7E1WQKwb0zrKC4jDfAy6JeDmHlOYESdSSOX5nZlP0WyBFMq4VjUc/75HFSoeeMSiLFu8An0HZdL3udgDTt2DFoUvjNXBi47MjuIAD1nuJ2cI3hmc91ZSNndAA9Xfoz1qaoiq8pi1BMbP8Sqa9pcyMT0Jn+TtC5BgJebSEAOVTCOMkCYgDgCl+559cYsNT55RtbzwTzFzS4lmZKWxanNp57C7xaHuNWbYNj55WsNCPsje8bFsMqn1kF0Ji4LmXHePXRJCyUOlNxM/77M/+T3UyGbI3dCUkObYwOf+RJwsbzeqmk/Jbfqjt+tDT8betsptsRBONc54v48hfhl8pE5O1vU40eI89BnBPL20McsEU3OXWfOVQpN6j6bMVeDpis4PMweywaj7fWIFtE20SxsjOJW3E5OOuWT68J6BTbLON7o7oLbDmwlur/4jjo8dsV22CnxlNyDebnj6jiAgw/Y73obUvFpoge0JMvWNTbGCh3L+9Rxd/v57H958Q== ubuntu@gnetworks-server-3\n",
              "ssh_user": "chomin",
              "sshdport": "22"
            }
          },
          "sensitive_attributes": []
        },
        {
          "index_key": 3,
          "schema_version": 0,
          "attributes": {
            "filename": null,
            "id": "c4787ff51468bdbc60b772468953f983cbf0847804e7519ce1e7dec3b7e1bfcd",
            "rendered": "#cloud-config\nusers:\n  - name: ubuntu\n    sudo: ['ALL=(ALL) NOPASSWD:ALL']\n    shell: /bin/bash\n\nchpasswd:\n  list: |\n    ubuntu:ubuntu\n  expire: False\n\nssh_pwauth: True\n\npackages:\n  - qemu-guest-agent\n\nwrite_files:\n  - path: /etc/netplan/50-cloud-init.yaml\n    content: |\n      network:\n        version: 2\n        renderer: networkd\n        ethernets:\n          ens3:\n            dhcp4: no\n            addresses:\n              - 211.39.158.198/24\n            gateway4: 211.39.158.1\n            nameservers:\n              addresses:\n                - 8.8.8.8\n                - 8.8.4.4\nruncmd:\n  - systemctl enable qemu-guest-agent\n  - systemctl start qemu-guest-agent\n  - netplan apply\n\n",
            "template": "#cloud-config\nusers:\n  - name: ubuntu\n    sudo: ['ALL=(ALL) NOPASSWD:ALL']\n    shell: /bin/bash\n\nchpasswd:\n  list: |\n    ubuntu:ubuntu\n  expire: False\n\nssh_pwauth: True\n\npackages:\n  - qemu-guest-agent\n\nwrite_files:\n  - path: /etc/netplan/50-cloud-init.yaml\n    content: |\n      network:\n        version: 2\n        renderer: networkd\n        ethernets:\n          ens3:\n            dhcp4: no\n            addresses:\n              - ${net_prefix}.${IP_addr}/24\n            gateway4: ${net_prefix}.1\n            nameservers:\n              addresses:\n                - 8.8.8.8\n                - 8.8.4.4\nruncmd:\n  - systemctl enable qemu-guest-agent\n  - systemctl start qemu-guest-agent\n  - netplan apply\n\n",
            "vars": {
              "IP_addr": "198",
              "hostname": "worker01",
              "net_prefix": "211.39.158",
              "ssh_public_key": "ssh-rsa AAAAB3NzaC1yc2EAAAADAQABAAACAQDbgunKCXdDlrY0v0Eo8BFH0SqZ7HXuuBVzt+rf9CWL8zft4wbFTzn0gE4VcMnOB9WWaZr2jNgl9Mh1crB/KmGCGglTWsUnnJPVbQmtrzL+y6WjPUxjby79a3RZaifcOyeu22hUKO73jfLqPvBxQUxzSNmkFKCZn79j96/Sck0x//JcJHm8w7E1WQKwb0zrKC4jDfAy6JeDmHlOYESdSSOX5nZlP0WyBFMq4VjUc/75HFSoeeMSiLFu8An0HZdL3udgDTt2DFoUvjNXBi47MjuIAD1nuJ2cI3hmc91ZSNndAA9Xfoz1qaoiq8pi1BMbP8Sqa9pcyMT0Jn+TtC5BgJebSEAOVTCOMkCYgDgCl+559cYsNT55RtbzwTzFzS4lmZKWxanNp57C7xaHuNWbYNj55WsNCPsje8bFsMqn1kF0Ji4LmXHePXRJCyUOlNxM/77M/+T3UyGbI3dCUkObYwOf+RJwsbzeqmk/Jbfqjt+tDT8betsptsRBONc54v48hfhl8pE5O1vU40eI89BnBPL20McsEU3OXWfOVQpN6j6bMVeDpis4PMweywaj7fWIFtE20SxsjOJW3E5OOuWT68J6BTbLON7o7oLbDmwlur/4jjo8dsV22CnxlNyDebnj6jiAgw/Y73obUvFpoge0JMvWNTbGCh3L+9Rxd/v57H958Q== ubuntu@gnetworks-server-3\n",
              "ssh_user": "chomin",
              "sshdport": "22"
            }
          },
          "sensitive_attributes": []
        },
        {
          "index_key": 4,
          "schema_version": 0,
          "attributes": {
            "filename": null,
            "id": "9b2c06904dcc8ce0719dda6be6be71853b4d896a5edaefaa27c31f798d983ff6",
            "rendered": "#cloud-config\nusers:\n  - name: ubuntu\n    sudo: ['ALL=(ALL) NOPASSWD:ALL']\n    shell: /bin/bash\n\nchpasswd:\n  list: |\n    ubuntu:ubuntu\n  expire: False\n\nssh_pwauth: True\n\npackages:\n  - qemu-guest-agent\n\nwrite_files:\n  - path: /etc/netplan/50-cloud-init.yaml\n    content: |\n      network:\n        version: 2\n        renderer: networkd\n        ethernets:\n          ens3:\n            dhcp4: no\n            addresses:\n              - 211.39.158.199/24\n            gateway4: 211.39.158.1\n            nameservers:\n              addresses:\n                - 8.8.8.8\n                - 8.8.4.4\nruncmd:\n  - systemctl enable qemu-guest-agent\n  - systemctl start qemu-guest-agent\n  - netplan apply\n\n",
            "template": "#cloud-config\nusers:\n  - name: ubuntu\n    sudo: ['ALL=(ALL) NOPASSWD:ALL']\n    shell: /bin/bash\n\nchpasswd:\n  list: |\n    ubuntu:ubuntu\n  expire: False\n\nssh_pwauth: True\n\npackages:\n  - qemu-guest-agent\n\nwrite_files:\n  - path: /etc/netplan/50-cloud-init.yaml\n    content: |\n      network:\n        version: 2\n        renderer: networkd\n        ethernets:\n          ens3:\n            dhcp4: no\n            addresses:\n              - ${net_prefix}.${IP_addr}/24\n            gateway4: ${net_prefix}.1\n            nameservers:\n              addresses:\n                - 8.8.8.8\n                - 8.8.4.4\nruncmd:\n  - systemctl enable qemu-guest-agent\n  - systemctl start qemu-guest-agent\n  - netplan apply\n\n",
            "vars": {
              "IP_addr": "199",
              "hostname": "worker02",
              "net_prefix": "211.39.158",
              "ssh_public_key": "ssh-rsa AAAAB3NzaC1yc2EAAAADAQABAAACAQDbgunKCXdDlrY0v0Eo8BFH0SqZ7HXuuBVzt+rf9CWL8zft4wbFTzn0gE4VcMnOB9WWaZr2jNgl9Mh1crB/KmGCGglTWsUnnJPVbQmtrzL+y6WjPUxjby79a3RZaifcOyeu22hUKO73jfLqPvBxQUxzSNmkFKCZn79j96/Sck0x//JcJHm8w7E1WQKwb0zrKC4jDfAy6JeDmHlOYESdSSOX5nZlP0WyBFMq4VjUc/75HFSoeeMSiLFu8An0HZdL3udgDTt2DFoUvjNXBi47MjuIAD1nuJ2cI3hmc91ZSNndAA9Xfoz1qaoiq8pi1BMbP8Sqa9pcyMT0Jn+TtC5BgJebSEAOVTCOMkCYgDgCl+559cYsNT55RtbzwTzFzS4lmZKWxanNp57C7xaHuNWbYNj55WsNCPsje8bFsMqn1kF0Ji4LmXHePXRJCyUOlNxM/77M/+T3UyGbI3dCUkObYwOf+RJwsbzeqmk/Jbfqjt+tDT8betsptsRBONc54v48hfhl8pE5O1vU40eI89BnBPL20McsEU3OXWfOVQpN6j6bMVeDpis4PMweywaj7fWIFtE20SxsjOJW3E5OOuWT68J6BTbLON7o7oLbDmwlur/4jjo8dsV22CnxlNyDebnj6jiAgw/Y73obUvFpoge0JMvWNTbGCh3L+9Rxd/v57H958Q== ubuntu@gnetworks-server-3\n",
              "ssh_user": "chomin",
              "sshdport": "22"
            }
          },
          "sensitive_attributes": []
        }
      ]
    },
    {
      "mode": "managed",
      "type": "libvirt_cloudinit_disk",
      "name": "cloud-init",
      "provider": "provider[\"registry.terraform.io/dmacvicar/libvirt\"]",
      "instances": [
        {
          "index_key": 0,
          "schema_version": 0,
          "attributes": {
            "id": "/var/lib/libvirt/iso/cloud-init000.iso;24641cc8-90bf-49e9-bccc-15bb0c4d0764",
            "meta_data": "",
            "name": "cloud-init000.iso",
            "network_config": "",
            "pool": "iso",
            "user_data": "#cloud-config\nusers:\n  - name: ubuntu\n    sudo: ['ALL=(ALL) NOPASSWD:ALL']\n    shell: /bin/bash\n\nchpasswd:\n  list: |\n    ubuntu:ubuntu\n  expire: False\n\nssh_pwauth: True\n\npackages:\n  - qemu-guest-agent\n\nwrite_files:\n  - path: /etc/netplan/50-cloud-init.yaml\n    content: |\n      network:\n        version: 2\n        renderer: networkd\n        ethernets:\n          ens3:\n            dhcp4: no\n            addresses:\n              - 211.39.158.195/24\n            gateway4: 211.39.158.1\n            nameservers:\n              addresses:\n                - 8.8.8.8\n                - 8.8.4.4\nruncmd:\n  - systemctl enable qemu-guest-agent\n  - systemctl start qemu-guest-agent\n  - netplan apply\n\n"
          },
          "sensitive_attributes": [],
          "private": "bnVsbA==",
          "dependencies": [
            "data.template_file.user_data"
          ]
        },
        {
          "index_key": 1,
          "schema_version": 0,
          "attributes": {
            "id": "/var/lib/libvirt/iso/cloud-init001.iso;e823b956-0620-432c-85b7-fc02536cbcf9",
            "meta_data": "",
            "name": "cloud-init001.iso",
            "network_config": "",
            "pool": "iso",
            "user_data": "#cloud-config\nusers:\n  - name: ubuntu\n    sudo: ['ALL=(ALL) NOPASSWD:ALL']\n    shell: /bin/bash\n\nchpasswd:\n  list: |\n    ubuntu:ubuntu\n  expire: False\n\nssh_pwauth: True\n\npackages:\n  - qemu-guest-agent\n\nwrite_files:\n  - path: /etc/netplan/50-cloud-init.yaml\n    content: |\n      network:\n        version: 2\n        renderer: networkd\n        ethernets:\n          ens3:\n            dhcp4: no\n            addresses:\n              - 211.39.158.196/24\n            gateway4: 211.39.158.1\n            nameservers:\n              addresses:\n                - 8.8.8.8\n                - 8.8.4.4\nruncmd:\n  - systemctl enable qemu-guest-agent\n  - systemctl start qemu-guest-agent\n  - netplan apply\n\n"
          },
          "sensitive_attributes": [],
          "private": "bnVsbA==",
          "dependencies": [
            "data.template_file.user_data"
          ]
        },
        {
          "index_key": 2,
          "schema_version": 0,
          "attributes": {
            "id": "/var/lib/libvirt/iso/cloud-init002.iso;0d5cab0a-0fb0-4a95-aa2a-7e7554e761dc",
            "meta_data": "",
            "name": "cloud-init002.iso",
            "network_config": "",
            "pool": "iso",
            "user_data": "#cloud-config\nusers:\n  - name: ubuntu\n    sudo: ['ALL=(ALL) NOPASSWD:ALL']\n    shell: /bin/bash\n\nchpasswd:\n  list: |\n    ubuntu:ubuntu\n  expire: False\n\nssh_pwauth: True\n\npackages:\n  - qemu-guest-agent\n\nwrite_files:\n  - path: /etc/netplan/50-cloud-init.yaml\n    content: |\n      network:\n        version: 2\n        renderer: networkd\n        ethernets:\n          ens3:\n            dhcp4: no\n            addresses:\n              - 211.39.158.197/24\n            gateway4: 211.39.158.1\n            nameservers:\n              addresses:\n                - 8.8.8.8\n                - 8.8.4.4\nruncmd:\n  - systemctl enable qemu-guest-agent\n  - systemctl start qemu-guest-agent\n  - netplan apply\n\n"
          },
          "sensitive_attributes": [],
          "private": "bnVsbA==",
          "dependencies": [
            "data.template_file.user_data"
          ]
        },
        {
          "index_key": 3,
          "schema_version": 0,
          "attributes": {
            "id": "/var/lib/libvirt/iso/cloud-init003.iso;4b4bf47e-cc8b-4c20-9fe1-4128789d0828",
            "meta_data": "",
            "name": "cloud-init003.iso",
            "network_config": "",
            "pool": "iso",
            "user_data": "#cloud-config\nusers:\n  - name: ubuntu\n    sudo: ['ALL=(ALL) NOPASSWD:ALL']\n    shell: /bin/bash\n\nchpasswd:\n  list: |\n    ubuntu:ubuntu\n  expire: False\n\nssh_pwauth: True\n\npackages:\n  - qemu-guest-agent\n\nwrite_files:\n  - path: /etc/netplan/50-cloud-init.yaml\n    content: |\n      network:\n        version: 2\n        renderer: networkd\n        ethernets:\n          ens3:\n            dhcp4: no\n            addresses:\n              - 211.39.158.198/24\n            gateway4: 211.39.158.1\n            nameservers:\n              addresses:\n                - 8.8.8.8\n                - 8.8.4.4\nruncmd:\n  - systemctl enable qemu-guest-agent\n  - systemctl start qemu-guest-agent\n  - netplan apply\n\n"
          },
          "sensitive_attributes": [],
          "private": "bnVsbA==",
          "dependencies": [
            "data.template_file.user_data"
          ]
        },
        {
          "index_key": 4,
          "schema_version": 0,
          "attributes": {
            "id": "/var/lib/libvirt/iso/cloud-init004.iso;221bbf1d-2faa-4bee-b418-6520960715a8",
            "meta_data": "",
            "name": "cloud-init004.iso",
            "network_config": "",
            "pool": "iso",
            "user_data": "#cloud-config\nusers:\n  - name: ubuntu\n    sudo: ['ALL=(ALL) NOPASSWD:ALL']\n    shell: /bin/bash\n\nchpasswd:\n  list: |\n    ubuntu:ubuntu\n  expire: False\n\nssh_pwauth: True\n\npackages:\n  - qemu-guest-agent\n\nwrite_files:\n  - path: /etc/netplan/50-cloud-init.yaml\n    content: |\n      network:\n        version: 2\n        renderer: networkd\n        ethernets:\n          ens3:\n            dhcp4: no\n            addresses:\n              - 211.39.158.199/24\n            gateway4: 211.39.158.1\n            nameservers:\n              addresses:\n                - 8.8.8.8\n                - 8.8.4.4\nruncmd:\n  - systemctl enable qemu-guest-agent\n  - systemctl start qemu-guest-agent\n  - netplan apply\n\n"
          },
          "sensitive_attributes": [],
          "private": "bnVsbA==",
          "dependencies": [
            "data.template_file.user_data"
          ]
        }
      ]
    },
    {
      "mode": "managed",
      "type": "libvirt_domain",
      "name": "ubuntu",
      "provider": "provider[\"registry.terraform.io/dmacvicar/libvirt\"]",
      "instances": [
        {
          "index_key": 0,
          "schema_version": 0,
          "attributes": {
            "arch": "x86_64",
            "autostart": null,
            "boot_device": [],
            "cloudinit": "/var/lib/libvirt/iso/cloud-init000.iso;24641cc8-90bf-49e9-bccc-15bb0c4d0764",
            "cmdline": null,
            "console": [
              {
                "source_host": "127.0.0.1",
                "source_path": "",
                "source_service": "0",
                "target_port": "0",
                "target_type": "serial",
                "type": "pty"
              }
            ],
            "coreos_ignition": null,
            "cpu": [],
            "description": "",
            "disk": [
              {
                "block_device": "",
                "file": "",
                "scsi": false,
                "url": "",
                "volume_id": "/var/lib/libvirt/vm_images/master01-mylab_br-vol.qcow2",
                "wwn": ""
              },
              {
                "block_device": "",
                "file": "",
                "scsi": false,
                "url": "",
                "volume_id": "/var/lib/libvirt/vm_images/master01-mylab_br-datavol.qcow2",
                "wwn": ""
              }
            ],
            "emulator": "/usr/bin/qemu-system-x86_64",
            "filesystem": [],
            "firmware": "",
            "fw_cfg_name": "opt/com.coreos/config",
            "graphics": [
              {
                "autoport": true,
                "listen_address": "127.0.0.1",
                "listen_type": "none",
                "type": "spice"
              }
            ],
            "id": "45999ba1-52b1-47cc-ae3b-e4f530e125a2",
            "initrd": "",
            "kernel": "",
            "machine": "ubuntu",
            "memory": 4096,
            "metadata": null,
            "name": "master01",
            "network_interface": [
              {
                "addresses": [],
                "bridge": "br0",
                "hostname": "",
                "mac": "52:54:00:22:A0:F4",
                "macvtap": "",
                "network_id": "",
                "network_name": "",
                "passthrough": "",
                "vepa": "",
                "wait_for_lease": false
              }
            ],
            "nvram": [],
            "qemu_agent": true,
            "running": true,
            "timeouts": null,
            "vcpu": 4,
            "video": [],
            "xml": []
          },
          "sensitive_attributes": [],
          "private": "eyJlMmJmYjczMC1lY2FhLTExZTYtOGY4OC0zNDM2M2JjN2M0YzAiOnsiY3JlYXRlIjozMDAwMDAwMDAwMDB9fQ==",
          "dependencies": [
            "libvirt_cloudinit_disk.cloud-init",
            "libvirt_volume.vm-boot-vol",
            "libvirt_volume.vm-data-vol"
          ]
        },
        {
          "index_key": 1,
          "schema_version": 0,
          "attributes": {
            "arch": "x86_64",
            "autostart": null,
            "boot_device": [],
            "cloudinit": "/var/lib/libvirt/iso/cloud-init001.iso;e823b956-0620-432c-85b7-fc02536cbcf9",
            "cmdline": null,
            "console": [
              {
                "source_host": "127.0.0.1",
                "source_path": "",
                "source_service": "0",
                "target_port": "0",
                "target_type": "serial",
                "type": "pty"
              }
            ],
            "coreos_ignition": null,
            "cpu": [],
            "description": "",
            "disk": [
              {
                "block_device": "",
                "file": "",
                "scsi": false,
                "url": "",
                "volume_id": "/var/lib/libvirt/vm_images/master02-mylab_br-vol.qcow2",
                "wwn": ""
              },
              {
                "block_device": "",
                "file": "",
                "scsi": false,
                "url": "",
                "volume_id": "/var/lib/libvirt/vm_images/master02-mylab_br-datavol.qcow2",
                "wwn": ""
              }
            ],
            "emulator": "/usr/bin/qemu-system-x86_64",
            "filesystem": [],
            "firmware": "",
            "fw_cfg_name": "opt/com.coreos/config",
            "graphics": [
              {
                "autoport": true,
                "listen_address": "127.0.0.1",
                "listen_type": "none",
                "type": "spice"
              }
            ],
            "id": "7b59ea03-b870-4bef-969d-2021c7921ba5",
            "initrd": "",
            "kernel": "",
            "machine": "ubuntu",
            "memory": 4096,
            "metadata": null,
            "name": "master02",
            "network_interface": [
              {
                "addresses": [],
                "bridge": "br0",
                "hostname": "",
                "mac": "52:54:00:B6:E2:0B",
                "macvtap": "",
                "network_id": "",
                "network_name": "",
                "passthrough": "",
                "vepa": "",
                "wait_for_lease": false
              }
            ],
            "nvram": [],
            "qemu_agent": true,
            "running": true,
            "timeouts": null,
            "vcpu": 4,
            "video": [],
            "xml": []
          },
          "sensitive_attributes": [],
          "private": "eyJlMmJmYjczMC1lY2FhLTExZTYtOGY4OC0zNDM2M2JjN2M0YzAiOnsiY3JlYXRlIjozMDAwMDAwMDAwMDB9fQ==",
          "dependencies": [
            "libvirt_cloudinit_disk.cloud-init",
            "libvirt_volume.vm-boot-vol",
            "libvirt_volume.vm-data-vol"
          ]
        },
        {
          "index_key": 2,
          "schema_version": 0,
          "attributes": {
            "arch": "x86_64",
            "autostart": null,
            "boot_device": [],
            "cloudinit": "/var/lib/libvirt/iso/cloud-init002.iso;0d5cab0a-0fb0-4a95-aa2a-7e7554e761dc",
            "cmdline": null,
            "console": [
              {
                "source_host": "127.0.0.1",
                "source_path": "",
                "source_service": "0",
                "target_port": "0",
                "target_type": "serial",
                "type": "pty"
              }
            ],
            "coreos_ignition": null,
            "cpu": [],
            "description": "",
            "disk": [
              {
                "block_device": "",
                "file": "",
                "scsi": false,
                "url": "",
                "volume_id": "/var/lib/libvirt/vm_images/master03-mylab_br-vol.qcow2",
                "wwn": ""
              },
              {
                "block_device": "",
                "file": "",
                "scsi": false,
                "url": "",
                "volume_id": "/var/lib/libvirt/vm_images/master03-mylab_br-datavol.qcow2",
                "wwn": ""
              }
            ],
            "emulator": "/usr/bin/qemu-system-x86_64",
            "filesystem": [],
            "firmware": "",
            "fw_cfg_name": "opt/com.coreos/config",
            "graphics": [
              {
                "autoport": true,
                "listen_address": "127.0.0.1",
                "listen_type": "none",
                "type": "spice"
              }
            ],
            "id": "f7e4a34f-5f2c-476d-9884-f3a0093bc2b7",
            "initrd": "",
            "kernel": "",
            "machine": "ubuntu",
            "memory": 4096,
            "metadata": null,
            "name": "master03",
            "network_interface": [
              {
                "addresses": [],
                "bridge": "br0",
                "hostname": "",
                "mac": "52:54:00:CA:09:D1",
                "macvtap": "",
                "network_id": "",
                "network_name": "",
                "passthrough": "",
                "vepa": "",
                "wait_for_lease": false
              }
            ],
            "nvram": [],
            "qemu_agent": true,
            "running": true,
            "timeouts": null,
            "vcpu": 4,
            "video": [],
            "xml": []
          },
          "sensitive_attributes": [],
          "private": "eyJlMmJmYjczMC1lY2FhLTExZTYtOGY4OC0zNDM2M2JjN2M0YzAiOnsiY3JlYXRlIjozMDAwMDAwMDAwMDB9fQ==",
          "dependencies": [
            "libvirt_cloudinit_disk.cloud-init",
            "libvirt_volume.vm-boot-vol",
            "libvirt_volume.vm-data-vol"
          ]
        },
        {
          "index_key": 3,
          "schema_version": 0,
          "attributes": {
            "arch": "x86_64",
            "autostart": null,
            "boot_device": [],
            "cloudinit": "/var/lib/libvirt/iso/cloud-init003.iso;4b4bf47e-cc8b-4c20-9fe1-4128789d0828",
            "cmdline": null,
            "console": [
              {
                "source_host": "127.0.0.1",
                "source_path": "",
                "source_service": "0",
                "target_port": "0",
                "target_type": "serial",
                "type": "pty"
              }
            ],
            "coreos_ignition": null,
            "cpu": [],
            "description": "",
            "disk": [
              {
                "block_device": "",
                "file": "",
                "scsi": false,
                "url": "",
                "volume_id": "/var/lib/libvirt/vm_images/worker01-mylab_br-vol.qcow2",
                "wwn": ""
              },
              {
                "block_device": "",
                "file": "",
                "scsi": false,
                "url": "",
                "volume_id": "/var/lib/libvirt/vm_images/worker01-mylab_br-datavol.qcow2",
                "wwn": ""
              }
            ],
            "emulator": "/usr/bin/qemu-system-x86_64",
            "filesystem": [],
            "firmware": "",
            "fw_cfg_name": "opt/com.coreos/config",
            "graphics": [
              {
                "autoport": true,
                "listen_address": "127.0.0.1",
                "listen_type": "none",
                "type": "spice"
              }
            ],
            "id": "9ce29970-56dc-463e-9906-ebe441f7e70e",
            "initrd": "",
            "kernel": "",
            "machine": "ubuntu",
            "memory": 8192,
            "metadata": null,
            "name": "worker01",
            "network_interface": [
              {
                "addresses": [],
                "bridge": "br0",
                "hostname": "",
                "mac": "52:54:00:46:80:16",
                "macvtap": "",
                "network_id": "",
                "network_name": "",
                "passthrough": "",
                "vepa": "",
                "wait_for_lease": false
              }
            ],
            "nvram": [],
            "qemu_agent": true,
            "running": true,
            "timeouts": null,
            "vcpu": 4,
            "video": [],
            "xml": []
          },
          "sensitive_attributes": [],
          "private": "eyJlMmJmYjczMC1lY2FhLTExZTYtOGY4OC0zNDM2M2JjN2M0YzAiOnsiY3JlYXRlIjozMDAwMDAwMDAwMDB9fQ==",
          "dependencies": [
            "libvirt_cloudinit_disk.cloud-init",
            "libvirt_volume.vm-boot-vol",
            "libvirt_volume.vm-data-vol"
          ]
        },
        {
          "index_key": 4,
          "schema_version": 0,
          "attributes": {
            "arch": "x86_64",
            "autostart": null,
            "boot_device": [],
            "cloudinit": "/var/lib/libvirt/iso/cloud-init004.iso;221bbf1d-2faa-4bee-b418-6520960715a8",
            "cmdline": null,
            "console": [
              {
                "source_host": "127.0.0.1",
                "source_path": "",
                "source_service": "0",
                "target_port": "0",
                "target_type": "serial",
                "type": "pty"
              }
            ],
            "coreos_ignition": null,
            "cpu": [],
            "description": "",
            "disk": [
              {
                "block_device": "",
                "file": "",
                "scsi": false,
                "url": "",
                "volume_id": "/var/lib/libvirt/vm_images/worker02-mylab_br-vol.qcow2",
                "wwn": ""
              },
              {
                "block_device": "",
                "file": "",
                "scsi": false,
                "url": "",
                "volume_id": "/var/lib/libvirt/vm_images/worker02-mylab_br-datavol.qcow2",
                "wwn": ""
              }
            ],
            "emulator": "/usr/bin/qemu-system-x86_64",
            "filesystem": [],
            "firmware": "",
            "fw_cfg_name": "opt/com.coreos/config",
            "graphics": [
              {
                "autoport": true,
                "listen_address": "127.0.0.1",
                "listen_type": "none",
                "type": "spice"
              }
            ],
            "id": "4dfe418f-c2a0-448d-af66-0a8b31aaf4bb",
            "initrd": "",
            "kernel": "",
            "machine": "ubuntu",
            "memory": 8192,
            "metadata": null,
            "name": "worker02",
            "network_interface": [
              {
                "addresses": [],
                "bridge": "br0",
                "hostname": "",
                "mac": "52:54:00:4A:7D:D3",
                "macvtap": "",
                "network_id": "",
                "network_name": "",
                "passthrough": "",
                "vepa": "",
                "wait_for_lease": false
              }
            ],
            "nvram": [],
            "qemu_agent": true,
            "running": true,
            "timeouts": null,
            "vcpu": 4,
            "video": [],
            "xml": []
          },
          "sensitive_attributes": [],
          "private": "eyJlMmJmYjczMC1lY2FhLTExZTYtOGY4OC0zNDM2M2JjN2M0YzAiOnsiY3JlYXRlIjozMDAwMDAwMDAwMDB9fQ==",
          "dependencies": [
            "libvirt_cloudinit_disk.cloud-init",
            "libvirt_volume.vm-boot-vol",
            "libvirt_volume.vm-data-vol"
          ]
        }
      ]
    },
    {
      "mode": "managed",
      "type": "libvirt_volume",
      "name": "source-img",
      "provider": "provider[\"registry.terraform.io/dmacvicar/libvirt\"]",
      "instances": [
        {
          "schema_version": 0,
          "attributes": {
            "base_volume_id": null,
            "base_volume_name": null,
            "base_volume_pool": null,
            "format": "qcow2",
            "id": "/var/lib/libvirt/vm_images/source-im",
            "name": "source-im",
            "pool": "vm",
            "size": 2361393152,
            "source": "/home/ubuntu/ubuntu-20.04-server-cloudimg-amd64.img",
            "xml": []
          },
          "sensitive_attributes": [],
          "private": "bnVsbA=="
        }
      ]
    },
    {
      "mode": "managed",
      "type": "libvirt_volume",
      "name": "vm-boot-vol",
      "provider": "provider[\"registry.terraform.io/dmacvicar/libvirt\"]",
      "instances": [
        {
          "index_key": 0,
          "schema_version": 0,
          "attributes": {
            "base_volume_id": "/var/lib/libvirt/vm_images/source-im",
            "base_volume_name": null,
            "base_volume_pool": null,
            "format": "qcow2",
            "id": "/var/lib/libvirt/vm_images/master01-mylab_br-vol.qcow2",
            "name": "master01-mylab_br-vol.qcow2",
            "pool": "vm",
            "size": 10737418240,
            "source": null,
            "xml": []
          },
          "sensitive_attributes": [],
          "private": "bnVsbA==",
          "dependencies": [
            "libvirt_volume.source-img"
          ]
        },
        {
          "index_key": 1,
          "schema_version": 0,
          "attributes": {
            "base_volume_id": "/var/lib/libvirt/vm_images/source-im",
            "base_volume_name": null,
            "base_volume_pool": null,
            "format": "qcow2",
            "id": "/var/lib/libvirt/vm_images/master02-mylab_br-vol.qcow2",
            "name": "master02-mylab_br-vol.qcow2",
            "pool": "vm",
            "size": 10737418240,
            "source": null,
            "xml": []
          },
          "sensitive_attributes": [],
          "private": "bnVsbA==",
          "dependencies": [
            "libvirt_volume.source-img"
          ]
        },
        {
          "index_key": 2,
          "schema_version": 0,
          "attributes": {
            "base_volume_id": "/var/lib/libvirt/vm_images/source-im",
            "base_volume_name": null,
            "base_volume_pool": null,
            "format": "qcow2",
            "id": "/var/lib/libvirt/vm_images/master03-mylab_br-vol.qcow2",
            "name": "master03-mylab_br-vol.qcow2",
            "pool": "vm",
            "size": 10737418240,
            "source": null,
            "xml": []
          },
          "sensitive_attributes": [],
          "private": "bnVsbA==",
          "dependencies": [
            "libvirt_volume.source-img"
          ]
        },
        {
          "index_key": 3,
          "schema_version": 0,
          "attributes": {
            "base_volume_id": "/var/lib/libvirt/vm_images/source-im",
            "base_volume_name": null,
            "base_volume_pool": null,
            "format": "qcow2",
            "id": "/var/lib/libvirt/vm_images/worker01-mylab_br-vol.qcow2",
            "name": "worker01-mylab_br-vol.qcow2",
            "pool": "vm",
            "size": 10737418240,
            "source": null,
            "xml": []
          },
          "sensitive_attributes": [],
          "private": "bnVsbA==",
          "dependencies": [
            "libvirt_volume.source-img"
          ]
        },
        {
          "index_key": 4,
          "schema_version": 0,
          "attributes": {
            "base_volume_id": "/var/lib/libvirt/vm_images/source-im",
            "base_volume_name": null,
            "base_volume_pool": null,
            "format": "qcow2",
            "id": "/var/lib/libvirt/vm_images/worker02-mylab_br-vol.qcow2",
            "name": "worker02-mylab_br-vol.qcow2",
            "pool": "vm",
            "size": 10737418240,
            "source": null,
            "xml": []
          },
          "sensitive_attributes": [],
          "private": "bnVsbA==",
          "dependencies": [
            "libvirt_volume.source-img"
          ]
        }
      ]
    },
    {
      "mode": "managed",
      "type": "libvirt_volume",
      "name": "vm-data-vol",
      "provider": "provider[\"registry.terraform.io/dmacvicar/libvirt\"]",
      "instances": [
        {
          "index_key": 0,
          "schema_version": 0,
          "attributes": {
            "base_volume_id": null,
            "base_volume_name": null,
            "base_volume_pool": null,
            "format": "qcow2",
            "id": "/var/lib/libvirt/vm_images/master01-mylab_br-datavol.qcow2",
            "name": "master01-mylab_br-datavol.qcow2",
            "pool": "vm",
            "size": 21474836480,
            "source": null,
            "xml": []
          },
          "sensitive_attributes": [],
          "private": "bnVsbA=="
        },
        {
          "index_key": 1,
          "schema_version": 0,
          "attributes": {
            "base_volume_id": null,
            "base_volume_name": null,
            "base_volume_pool": null,
            "format": "qcow2",
            "id": "/var/lib/libvirt/vm_images/master02-mylab_br-datavol.qcow2",
            "name": "master02-mylab_br-datavol.qcow2",
            "pool": "vm",
            "size": 21474836480,
            "source": null,
            "xml": []
          },
          "sensitive_attributes": [],
          "private": "bnVsbA=="
        },
        {
          "index_key": 2,
          "schema_version": 0,
          "attributes": {
            "base_volume_id": null,
            "base_volume_name": null,
            "base_volume_pool": null,
            "format": "qcow2",
            "id": "/var/lib/libvirt/vm_images/master03-mylab_br-datavol.qcow2",
            "name": "master03-mylab_br-datavol.qcow2",
            "pool": "vm",
            "size": 21474836480,
            "source": null,
            "xml": []
          },
          "sensitive_attributes": [],
          "private": "bnVsbA=="
        },
        {
          "index_key": 3,
          "schema_version": 0,
          "attributes": {
            "base_volume_id": null,
            "base_volume_name": null,
            "base_volume_pool": null,
            "format": "qcow2",
            "id": "/var/lib/libvirt/vm_images/worker01-mylab_br-datavol.qcow2",
            "name": "worker01-mylab_br-datavol.qcow2",
            "pool": "vm",
            "size": 21474836480,
            "source": null,
            "xml": []
          },
          "sensitive_attributes": [],
          "private": "bnVsbA=="
        },
        {
          "index_key": 4,
          "schema_version": 0,
          "attributes": {
            "base_volume_id": null,
            "base_volume_name": null,
            "base_volume_pool": null,
            "format": "qcow2",
            "id": "/var/lib/libvirt/vm_images/worker02-mylab_br-datavol.qcow2",
            "name": "worker02-mylab_br-datavol.qcow2",
            "pool": "vm",
            "size": 21474836480,
            "source": null,
            "xml": []
          },
          "sensitive_attributes": [],
          "private": "bnVsbA=="
        }
      ]
    }
  ],
  "check_results": null
}
