{
  "version": 4,
  "terraform_version": "1.5.0",
  "serial": 1053,
  "lineage": "bbdbb64a-7e04-e2b5-3a01-e0cca722787c",
  "outputs": {},
  "resources": [
    {
      "mode": "data",
      "type": "template_file",
      "name": "user_data",
      "provider": "provider[\"registry.terraform.io/hashicorp/template\"]",
      "instances": [
        {
          "index_key": 0,
          "schema_version": 0,
          "attributes": {
            "filename": null,
            "id": "b9543ff8e53ea9cd04ecdee15928ab6ea65d458c8714d485c6261801e2348899",
            "rendered": "#cloud-config\nusers:\n  - name: ubuntu\n    sudo: \"ALL=(ALL) NOPASSWD:ALL\"\n    shell: /bin/bash\n  - name: root\n    lock_passwd: false\n    hashed_passwd: $6$rounds=4096$dlS7oUlBJqLhuO1E$DhJ8oT.JjXmYHQSjST.ZDWyqP4TbrgXzt6zOAh8Nhbvkwm64qTRmMG09CpZx5iCGIAZmFdsxlqtZWKNLogAZy0\n\nchpasswd:\n  list: |\n    root:test123\n    ubuntu:ubuntu\n  expire: False\n\nssh_pwauth: True\n\npackage_update: true\npackage_upgrade: true\npackages:\n  - qemu-guest-agent\n\nwrite_files:\n  - path: /etc/netplan/50-cloud-init.yaml\n    content: |\n      network:\n        version: 2\n        renderer: networkd\n        ethernets:\n          ens3:\n            dhcp4: no\n            addresses:\n              - 211.39.158.195/24\n            gateway4: 211.39.158.1\n            nameservers:\n              addresses:\n                - 8.8.8.8\n                - 8.8.4.4\nruncmd:\n  - apt-get update\n  - systemctl enable qemu-guest-agent\n  - systemctl start qemu-guest-agent\n  - netplan apply\n  - swapoff --all\n",
            "template": "#cloud-config\nusers:\n  - name: ubuntu\n    sudo: \"ALL=(ALL) NOPASSWD:ALL\"\n    shell: /bin/bash\n  - name: root\n    lock_passwd: false\n    hashed_passwd: $6$rounds=4096$dlS7oUlBJqLhuO1E$DhJ8oT.JjXmYHQSjST.ZDWyqP4TbrgXzt6zOAh8Nhbvkwm64qTRmMG09CpZx5iCGIAZmFdsxlqtZWKNLogAZy0\n\nchpasswd:\n  list: |\n    root:test123\n    ubuntu:ubuntu\n  expire: False\n\nssh_pwauth: True\n\npackage_update: true\npackage_upgrade: true\npackages:\n  - qemu-guest-agent\n\nwrite_files:\n  - path: /etc/netplan/50-cloud-init.yaml\n    content: |\n      network:\n        version: 2\n        renderer: networkd\n        ethernets:\n          ens3:\n            dhcp4: no\n            addresses:\n              - ${net_prefix}.${IP_addr}/24\n            gateway4: ${net_prefix}.1\n            nameservers:\n              addresses:\n                - 8.8.8.8\n                - 8.8.4.4\nruncmd:\n  - apt-get update\n  - systemctl enable qemu-guest-agent\n  - systemctl start qemu-guest-agent\n  - netplan apply\n  - swapoff --all\n",
            "vars": {
              "IP_addr": "195",
              "hostname": "master01",
              "net_prefix": "211.39.158",
              "ssh_public_key": "ssh-rsa AAAAB3NzaC1yc2EAAAADAQABAAACAQDbgunKCXdDlrY0v0Eo8BFH0SqZ7HXuuBVzt+rf9CWL8zft4wbFTzn0gE4VcMnOB9WWaZr2jNgl9Mh1crB/KmGCGglTWsUnnJPVbQmtrzL+y6WjPUxjby79a3RZaifcOyeu22hUKO73jfLqPvBxQUxzSNmkFKCZn79j96/Sck0x//JcJHm8w7E1WQKwb0zrKC4jDfAy6JeDmHlOYESdSSOX5nZlP0WyBFMq4VjUc/75HFSoeeMSiLFu8An0HZdL3udgDTt2DFoUvjNXBi47MjuIAD1nuJ2cI3hmc91ZSNndAA9Xfoz1qaoiq8pi1BMbP8Sqa9pcyMT0Jn+TtC5BgJebSEAOVTCOMkCYgDgCl+559cYsNT55RtbzwTzFzS4lmZKWxanNp57C7xaHuNWbYNj55WsNCPsje8bFsMqn1kF0Ji4LmXHePXRJCyUOlNxM/77M/+T3UyGbI3dCUkObYwOf+RJwsbzeqmk/Jbfqjt+tDT8betsptsRBONc54v48hfhl8pE5O1vU40eI89BnBPL20McsEU3OXWfOVQpN6j6bMVeDpis4PMweywaj7fWIFtE20SxsjOJW3E5OOuWT68J6BTbLON7o7oLbDmwlur/4jjo8dsV22CnxlNyDebnj6jiAgw/Y73obUvFpoge0JMvWNTbGCh3L+9Rxd/v57H958Q== ubuntu@gnetworks-server-3\n",
              "ssh_user": "chomin",
              "sshdport": "22"
            }
          },
          "sensitive_attributes": []
        },
        {
          "index_key": 1,
          "schema_version": 0,
          "attributes": {
            "filename": null,
            "id": "fb6055d8b91f421e7e9fb85d04f111cdd003e3eca1e39512d9e7dba71eadfcf2",
            "rendered": "#cloud-config\nusers:\n  - name: ubuntu\n    sudo: \"ALL=(ALL) NOPASSWD:ALL\"\n    shell: /bin/bash\n  - name: root\n    lock_passwd: false\n    hashed_passwd: $6$rounds=4096$dlS7oUlBJqLhuO1E$DhJ8oT.JjXmYHQSjST.ZDWyqP4TbrgXzt6zOAh8Nhbvkwm64qTRmMG09CpZx5iCGIAZmFdsxlqtZWKNLogAZy0\n\nchpasswd:\n  list: |\n    root:test123\n    ubuntu:ubuntu\n  expire: False\n\nssh_pwauth: True\n\npackage_update: true\npackage_upgrade: true\npackages:\n  - qemu-guest-agent\n\nwrite_files:\n  - path: /etc/netplan/50-cloud-init.yaml\n    content: |\n      network:\n        version: 2\n        renderer: networkd\n        ethernets:\n          ens3:\n            dhcp4: no\n            addresses:\n              - 211.39.158.196/24\n            gateway4: 211.39.158.1\n            nameservers:\n              addresses:\n                - 8.8.8.8\n                - 8.8.4.4\nruncmd:\n  - apt-get update\n  - systemctl enable qemu-guest-agent\n  - systemctl start qemu-guest-agent\n  - netplan apply\n  - swapoff --all\n",
            "template": "#cloud-config\nusers:\n  - name: ubuntu\n    sudo: \"ALL=(ALL) NOPASSWD:ALL\"\n    shell: /bin/bash\n  - name: root\n    lock_passwd: false\n    hashed_passwd: $6$rounds=4096$dlS7oUlBJqLhuO1E$DhJ8oT.JjXmYHQSjST.ZDWyqP4TbrgXzt6zOAh8Nhbvkwm64qTRmMG09CpZx5iCGIAZmFdsxlqtZWKNLogAZy0\n\nchpasswd:\n  list: |\n    root:test123\n    ubuntu:ubuntu\n  expire: False\n\nssh_pwauth: True\n\npackage_update: true\npackage_upgrade: true\npackages:\n  - qemu-guest-agent\n\nwrite_files:\n  - path: /etc/netplan/50-cloud-init.yaml\n    content: |\n      network:\n        version: 2\n        renderer: networkd\n        ethernets:\n          ens3:\n            dhcp4: no\n            addresses:\n              - ${net_prefix}.${IP_addr}/24\n            gateway4: ${net_prefix}.1\n            nameservers:\n              addresses:\n                - 8.8.8.8\n                - 8.8.4.4\nruncmd:\n  - apt-get update\n  - systemctl enable qemu-guest-agent\n  - systemctl start qemu-guest-agent\n  - netplan apply\n  - swapoff --all\n",
            "vars": {
              "IP_addr": "196",
              "hostname": "master02",
              "net_prefix": "211.39.158",
              "ssh_public_key": "ssh-rsa AAAAB3NzaC1yc2EAAAADAQABAAACAQDbgunKCXdDlrY0v0Eo8BFH0SqZ7HXuuBVzt+rf9CWL8zft4wbFTzn0gE4VcMnOB9WWaZr2jNgl9Mh1crB/KmGCGglTWsUnnJPVbQmtrzL+y6WjPUxjby79a3RZaifcOyeu22hUKO73jfLqPvBxQUxzSNmkFKCZn79j96/Sck0x//JcJHm8w7E1WQKwb0zrKC4jDfAy6JeDmHlOYESdSSOX5nZlP0WyBFMq4VjUc/75HFSoeeMSiLFu8An0HZdL3udgDTt2DFoUvjNXBi47MjuIAD1nuJ2cI3hmc91ZSNndAA9Xfoz1qaoiq8pi1BMbP8Sqa9pcyMT0Jn+TtC5BgJebSEAOVTCOMkCYgDgCl+559cYsNT55RtbzwTzFzS4lmZKWxanNp57C7xaHuNWbYNj55WsNCPsje8bFsMqn1kF0Ji4LmXHePXRJCyUOlNxM/77M/+T3UyGbI3dCUkObYwOf+RJwsbzeqmk/Jbfqjt+tDT8betsptsRBONc54v48hfhl8pE5O1vU40eI89BnBPL20McsEU3OXWfOVQpN6j6bMVeDpis4PMweywaj7fWIFtE20SxsjOJW3E5OOuWT68J6BTbLON7o7oLbDmwlur/4jjo8dsV22CnxlNyDebnj6jiAgw/Y73obUvFpoge0JMvWNTbGCh3L+9Rxd/v57H958Q== ubuntu@gnetworks-server-3\n",
              "ssh_user": "chomin",
              "sshdport": "22"
            }
          },
          "sensitive_attributes": []
        },
        {
          "index_key": 2,
          "schema_version": 0,
          "attributes": {
            "filename": null,
            "id": "9bfd4e26e56550bf606d0ca3fbc935514893367864f6fbeb139f3716310402e0",
            "rendered": "#cloud-config\nusers:\n  - name: ubuntu\n    sudo: \"ALL=(ALL) NOPASSWD:ALL\"\n    shell: /bin/bash\n  - name: root\n    lock_passwd: false\n    hashed_passwd: $6$rounds=4096$dlS7oUlBJqLhuO1E$DhJ8oT.JjXmYHQSjST.ZDWyqP4TbrgXzt6zOAh8Nhbvkwm64qTRmMG09CpZx5iCGIAZmFdsxlqtZWKNLogAZy0\n\nchpasswd:\n  list: |\n    root:test123\n    ubuntu:ubuntu\n  expire: False\n\nssh_pwauth: True\n\npackage_update: true\npackage_upgrade: true\npackages:\n  - qemu-guest-agent\n\nwrite_files:\n  - path: /etc/netplan/50-cloud-init.yaml\n    content: |\n      network:\n        version: 2\n        renderer: networkd\n        ethernets:\n          ens3:\n            dhcp4: no\n            addresses:\n              - 211.39.158.197/24\n            gateway4: 211.39.158.1\n            nameservers:\n              addresses:\n                - 8.8.8.8\n                - 8.8.4.4\nruncmd:\n  - apt-get update\n  - systemctl enable qemu-guest-agent\n  - systemctl start qemu-guest-agent\n  - netplan apply\n  - swapoff --all\n",
            "template": "#cloud-config\nusers:\n  - name: ubuntu\n    sudo: \"ALL=(ALL) NOPASSWD:ALL\"\n    shell: /bin/bash\n  - name: root\n    lock_passwd: false\n    hashed_passwd: $6$rounds=4096$dlS7oUlBJqLhuO1E$DhJ8oT.JjXmYHQSjST.ZDWyqP4TbrgXzt6zOAh8Nhbvkwm64qTRmMG09CpZx5iCGIAZmFdsxlqtZWKNLogAZy0\n\nchpasswd:\n  list: |\n    root:test123\n    ubuntu:ubuntu\n  expire: False\n\nssh_pwauth: True\n\npackage_update: true\npackage_upgrade: true\npackages:\n  - qemu-guest-agent\n\nwrite_files:\n  - path: /etc/netplan/50-cloud-init.yaml\n    content: |\n      network:\n        version: 2\n        renderer: networkd\n        ethernets:\n          ens3:\n            dhcp4: no\n            addresses:\n              - ${net_prefix}.${IP_addr}/24\n            gateway4: ${net_prefix}.1\n            nameservers:\n              addresses:\n                - 8.8.8.8\n                - 8.8.4.4\nruncmd:\n  - apt-get update\n  - systemctl enable qemu-guest-agent\n  - systemctl start qemu-guest-agent\n  - netplan apply\n  - swapoff --all\n",
            "vars": {
              "IP_addr": "197",
              "hostname": "master03",
              "net_prefix": "211.39.158",
              "ssh_public_key": "ssh-rsa AAAAB3NzaC1yc2EAAAADAQABAAACAQDbgunKCXdDlrY0v0Eo8BFH0SqZ7HXuuBVzt+rf9CWL8zft4wbFTzn0gE4VcMnOB9WWaZr2jNgl9Mh1crB/KmGCGglTWsUnnJPVbQmtrzL+y6WjPUxjby79a3RZaifcOyeu22hUKO73jfLqPvBxQUxzSNmkFKCZn79j96/Sck0x//JcJHm8w7E1WQKwb0zrKC4jDfAy6JeDmHlOYESdSSOX5nZlP0WyBFMq4VjUc/75HFSoeeMSiLFu8An0HZdL3udgDTt2DFoUvjNXBi47MjuIAD1nuJ2cI3hmc91ZSNndAA9Xfoz1qaoiq8pi1BMbP8Sqa9pcyMT0Jn+TtC5BgJebSEAOVTCOMkCYgDgCl+559cYsNT55RtbzwTzFzS4lmZKWxanNp57C7xaHuNWbYNj55WsNCPsje8bFsMqn1kF0Ji4LmXHePXRJCyUOlNxM/77M/+T3UyGbI3dCUkObYwOf+RJwsbzeqmk/Jbfqjt+tDT8betsptsRBONc54v48hfhl8pE5O1vU40eI89BnBPL20McsEU3OXWfOVQpN6j6bMVeDpis4PMweywaj7fWIFtE20SxsjOJW3E5OOuWT68J6BTbLON7o7oLbDmwlur/4jjo8dsV22CnxlNyDebnj6jiAgw/Y73obUvFpoge0JMvWNTbGCh3L+9Rxd/v57H958Q== ubuntu@gnetworks-server-3\n",
              "ssh_user": "chomin",
              "sshdport": "22"
            }
          },
          "sensitive_attributes": []
        },
        {
          "index_key": 3,
          "schema_version": 0,
          "attributes": {
            "filename": null,
            "id": "1ce9ae6254d9143729b0a1c6fe37b3851c7aea08b2e4d581477eabe5641ef2a2",
            "rendered": "#cloud-config\nusers:\n  - name: ubuntu\n    sudo: \"ALL=(ALL) NOPASSWD:ALL\"\n    shell: /bin/bash\n  - name: root\n    lock_passwd: false\n    hashed_passwd: $6$rounds=4096$dlS7oUlBJqLhuO1E$DhJ8oT.JjXmYHQSjST.ZDWyqP4TbrgXzt6zOAh8Nhbvkwm64qTRmMG09CpZx5iCGIAZmFdsxlqtZWKNLogAZy0\n\nchpasswd:\n  list: |\n    root:test123\n    ubuntu:ubuntu\n  expire: False\n\nssh_pwauth: True\n\npackage_update: true\npackage_upgrade: true\npackages:\n  - qemu-guest-agent\n\nwrite_files:\n  - path: /etc/netplan/50-cloud-init.yaml\n    content: |\n      network:\n        version: 2\n        renderer: networkd\n        ethernets:\n          ens3:\n            dhcp4: no\n            addresses:\n              - 211.39.158.198/24\n            gateway4: 211.39.158.1\n            nameservers:\n              addresses:\n                - 8.8.8.8\n                - 8.8.4.4\nruncmd:\n  - apt-get update\n  - systemctl enable qemu-guest-agent\n  - systemctl start qemu-guest-agent\n  - netplan apply\n  - swapoff --all\n",
            "template": "#cloud-config\nusers:\n  - name: ubuntu\n    sudo: \"ALL=(ALL) NOPASSWD:ALL\"\n    shell: /bin/bash\n  - name: root\n    lock_passwd: false\n    hashed_passwd: $6$rounds=4096$dlS7oUlBJqLhuO1E$DhJ8oT.JjXmYHQSjST.ZDWyqP4TbrgXzt6zOAh8Nhbvkwm64qTRmMG09CpZx5iCGIAZmFdsxlqtZWKNLogAZy0\n\nchpasswd:\n  list: |\n    root:test123\n    ubuntu:ubuntu\n  expire: False\n\nssh_pwauth: True\n\npackage_update: true\npackage_upgrade: true\npackages:\n  - qemu-guest-agent\n\nwrite_files:\n  - path: /etc/netplan/50-cloud-init.yaml\n    content: |\n      network:\n        version: 2\n        renderer: networkd\n        ethernets:\n          ens3:\n            dhcp4: no\n            addresses:\n              - ${net_prefix}.${IP_addr}/24\n            gateway4: ${net_prefix}.1\n            nameservers:\n              addresses:\n                - 8.8.8.8\n                - 8.8.4.4\nruncmd:\n  - apt-get update\n  - systemctl enable qemu-guest-agent\n  - systemctl start qemu-guest-agent\n  - netplan apply\n  - swapoff --all\n",
            "vars": {
              "IP_addr": "198",
              "hostname": "worker01",
              "net_prefix": "211.39.158",
              "ssh_public_key": "ssh-rsa AAAAB3NzaC1yc2EAAAADAQABAAACAQDbgunKCXdDlrY0v0Eo8BFH0SqZ7HXuuBVzt+rf9CWL8zft4wbFTzn0gE4VcMnOB9WWaZr2jNgl9Mh1crB/KmGCGglTWsUnnJPVbQmtrzL+y6WjPUxjby79a3RZaifcOyeu22hUKO73jfLqPvBxQUxzSNmkFKCZn79j96/Sck0x//JcJHm8w7E1WQKwb0zrKC4jDfAy6JeDmHlOYESdSSOX5nZlP0WyBFMq4VjUc/75HFSoeeMSiLFu8An0HZdL3udgDTt2DFoUvjNXBi47MjuIAD1nuJ2cI3hmc91ZSNndAA9Xfoz1qaoiq8pi1BMbP8Sqa9pcyMT0Jn+TtC5BgJebSEAOVTCOMkCYgDgCl+559cYsNT55RtbzwTzFzS4lmZKWxanNp57C7xaHuNWbYNj55WsNCPsje8bFsMqn1kF0Ji4LmXHePXRJCyUOlNxM/77M/+T3UyGbI3dCUkObYwOf+RJwsbzeqmk/Jbfqjt+tDT8betsptsRBONc54v48hfhl8pE5O1vU40eI89BnBPL20McsEU3OXWfOVQpN6j6bMVeDpis4PMweywaj7fWIFtE20SxsjOJW3E5OOuWT68J6BTbLON7o7oLbDmwlur/4jjo8dsV22CnxlNyDebnj6jiAgw/Y73obUvFpoge0JMvWNTbGCh3L+9Rxd/v57H958Q== ubuntu@gnetworks-server-3\n",
              "ssh_user": "chomin",
              "sshdport": "22"
            }
          },
          "sensitive_attributes": []
        },
        {
          "index_key": 4,
          "schema_version": 0,
          "attributes": {
            "filename": null,
            "id": "06cef69bd452fd10b0a9d5df4d8869ba0824f7876538b0c7546bf0efe7db4e20",
            "rendered": "#cloud-config\nusers:\n  - name: ubuntu\n    sudo: \"ALL=(ALL) NOPASSWD:ALL\"\n    shell: /bin/bash\n  - name: root\n    lock_passwd: false\n    hashed_passwd: $6$rounds=4096$dlS7oUlBJqLhuO1E$DhJ8oT.JjXmYHQSjST.ZDWyqP4TbrgXzt6zOAh8Nhbvkwm64qTRmMG09CpZx5iCGIAZmFdsxlqtZWKNLogAZy0\n\nchpasswd:\n  list: |\n    root:test123\n    ubuntu:ubuntu\n  expire: False\n\nssh_pwauth: True\n\npackage_update: true\npackage_upgrade: true\npackages:\n  - qemu-guest-agent\n\nwrite_files:\n  - path: /etc/netplan/50-cloud-init.yaml\n    content: |\n      network:\n        version: 2\n        renderer: networkd\n        ethernets:\n          ens3:\n            dhcp4: no\n            addresses:\n              - 211.39.158.199/24\n            gateway4: 211.39.158.1\n            nameservers:\n              addresses:\n                - 8.8.8.8\n                - 8.8.4.4\nruncmd:\n  - apt-get update\n  - systemctl enable qemu-guest-agent\n  - systemctl start qemu-guest-agent\n  - netplan apply\n  - swapoff --all\n",
            "template": "#cloud-config\nusers:\n  - name: ubuntu\n    sudo: \"ALL=(ALL) NOPASSWD:ALL\"\n    shell: /bin/bash\n  - name: root\n    lock_passwd: false\n    hashed_passwd: $6$rounds=4096$dlS7oUlBJqLhuO1E$DhJ8oT.JjXmYHQSjST.ZDWyqP4TbrgXzt6zOAh8Nhbvkwm64qTRmMG09CpZx5iCGIAZmFdsxlqtZWKNLogAZy0\n\nchpasswd:\n  list: |\n    root:test123\n    ubuntu:ubuntu\n  expire: False\n\nssh_pwauth: True\n\npackage_update: true\npackage_upgrade: true\npackages:\n  - qemu-guest-agent\n\nwrite_files:\n  - path: /etc/netplan/50-cloud-init.yaml\n    content: |\n      network:\n        version: 2\n        renderer: networkd\n        ethernets:\n          ens3:\n            dhcp4: no\n            addresses:\n              - ${net_prefix}.${IP_addr}/24\n            gateway4: ${net_prefix}.1\n            nameservers:\n              addresses:\n                - 8.8.8.8\n                - 8.8.4.4\nruncmd:\n  - apt-get update\n  - systemctl enable qemu-guest-agent\n  - systemctl start qemu-guest-agent\n  - netplan apply\n  - swapoff --all\n",
            "vars": {
              "IP_addr": "199",
              "hostname": "worker02",
              "net_prefix": "211.39.158",
              "ssh_public_key": "ssh-rsa AAAAB3NzaC1yc2EAAAADAQABAAACAQDbgunKCXdDlrY0v0Eo8BFH0SqZ7HXuuBVzt+rf9CWL8zft4wbFTzn0gE4VcMnOB9WWaZr2jNgl9Mh1crB/KmGCGglTWsUnnJPVbQmtrzL+y6WjPUxjby79a3RZaifcOyeu22hUKO73jfLqPvBxQUxzSNmkFKCZn79j96/Sck0x//JcJHm8w7E1WQKwb0zrKC4jDfAy6JeDmHlOYESdSSOX5nZlP0WyBFMq4VjUc/75HFSoeeMSiLFu8An0HZdL3udgDTt2DFoUvjNXBi47MjuIAD1nuJ2cI3hmc91ZSNndAA9Xfoz1qaoiq8pi1BMbP8Sqa9pcyMT0Jn+TtC5BgJebSEAOVTCOMkCYgDgCl+559cYsNT55RtbzwTzFzS4lmZKWxanNp57C7xaHuNWbYNj55WsNCPsje8bFsMqn1kF0Ji4LmXHePXRJCyUOlNxM/77M/+T3UyGbI3dCUkObYwOf+RJwsbzeqmk/Jbfqjt+tDT8betsptsRBONc54v48hfhl8pE5O1vU40eI89BnBPL20McsEU3OXWfOVQpN6j6bMVeDpis4PMweywaj7fWIFtE20SxsjOJW3E5OOuWT68J6BTbLON7o7oLbDmwlur/4jjo8dsV22CnxlNyDebnj6jiAgw/Y73obUvFpoge0JMvWNTbGCh3L+9Rxd/v57H958Q== ubuntu@gnetworks-server-3\n",
              "ssh_user": "chomin",
              "sshdport": "22"
            }
          },
          "sensitive_attributes": []
        }
      ]
    },
    {
      "mode": "managed",
      "type": "libvirt_cloudinit_disk",
      "name": "cloud-init",
      "provider": "provider[\"registry.terraform.io/dmacvicar/libvirt\"]",
      "instances": [
        {
          "index_key": 0,
          "schema_version": 0,
          "attributes": {
            "id": "/var/lib/libvirt/iso/cloud-init000.iso;962a725d-7623-4cf1-adec-a97a80a77b1d",
            "meta_data": "",
            "name": "cloud-init000.iso",
            "network_config": "",
            "pool": "iso",
            "user_data": "#cloud-config\nusers:\n  - name: ubuntu\n    sudo: \"ALL=(ALL) NOPASSWD:ALL\"\n    shell: /bin/bash\n  - name: root\n    lock_passwd: false\n    hashed_passwd: $6$rounds=4096$dlS7oUlBJqLhuO1E$DhJ8oT.JjXmYHQSjST.ZDWyqP4TbrgXzt6zOAh8Nhbvkwm64qTRmMG09CpZx5iCGIAZmFdsxlqtZWKNLogAZy0\n\nchpasswd:\n  list: |\n    root:test123\n    ubuntu:ubuntu\n  expire: False\n\nssh_pwauth: True\n\npackage_update: true\npackage_upgrade: true\npackages:\n  - qemu-guest-agent\n\nwrite_files:\n  - path: /etc/netplan/50-cloud-init.yaml\n    content: |\n      network:\n        version: 2\n        renderer: networkd\n        ethernets:\n          ens3:\n            dhcp4: no\n            addresses:\n              - 211.39.158.195/24\n            gateway4: 211.39.158.1\n            nameservers:\n              addresses:\n                - 8.8.8.8\n                - 8.8.4.4\nruncmd:\n  - apt-get update\n  - systemctl enable qemu-guest-agent\n  - systemctl start qemu-guest-agent\n  - netplan apply\n  - swapoff --all\n"
          },
          "sensitive_attributes": [],
          "private": "bnVsbA==",
          "dependencies": [
            "data.template_file.user_data"
          ]
        },
        {
          "index_key": 1,
          "schema_version": 0,
          "attributes": {
            "id": "/var/lib/libvirt/iso/cloud-init001.iso;85b7f534-e1ce-4c93-9dfe-4889c2d601d0",
            "meta_data": "",
            "name": "cloud-init001.iso",
            "network_config": "",
            "pool": "iso",
            "user_data": "#cloud-config\nusers:\n  - name: ubuntu\n    sudo: \"ALL=(ALL) NOPASSWD:ALL\"\n    shell: /bin/bash\n  - name: root\n    lock_passwd: false\n    hashed_passwd: $6$rounds=4096$dlS7oUlBJqLhuO1E$DhJ8oT.JjXmYHQSjST.ZDWyqP4TbrgXzt6zOAh8Nhbvkwm64qTRmMG09CpZx5iCGIAZmFdsxlqtZWKNLogAZy0\n\nchpasswd:\n  list: |\n    root:test123\n    ubuntu:ubuntu\n  expire: False\n\nssh_pwauth: True\n\npackage_update: true\npackage_upgrade: true\npackages:\n  - qemu-guest-agent\n\nwrite_files:\n  - path: /etc/netplan/50-cloud-init.yaml\n    content: |\n      network:\n        version: 2\n        renderer: networkd\n        ethernets:\n          ens3:\n            dhcp4: no\n            addresses:\n              - 211.39.158.196/24\n            gateway4: 211.39.158.1\n            nameservers:\n              addresses:\n                - 8.8.8.8\n                - 8.8.4.4\nruncmd:\n  - apt-get update\n  - systemctl enable qemu-guest-agent\n  - systemctl start qemu-guest-agent\n  - netplan apply\n  - swapoff --all\n"
          },
          "sensitive_attributes": [],
          "private": "bnVsbA==",
          "dependencies": [
            "data.template_file.user_data"
          ]
        },
        {
          "index_key": 2,
          "schema_version": 0,
          "attributes": {
            "id": "/var/lib/libvirt/iso/cloud-init002.iso;883fc886-0c6c-4c25-b38c-2a11078240b6",
            "meta_data": "",
            "name": "cloud-init002.iso",
            "network_config": "",
            "pool": "iso",
            "user_data": "#cloud-config\nusers:\n  - name: ubuntu\n    sudo: \"ALL=(ALL) NOPASSWD:ALL\"\n    shell: /bin/bash\n  - name: root\n    lock_passwd: false\n    hashed_passwd: $6$rounds=4096$dlS7oUlBJqLhuO1E$DhJ8oT.JjXmYHQSjST.ZDWyqP4TbrgXzt6zOAh8Nhbvkwm64qTRmMG09CpZx5iCGIAZmFdsxlqtZWKNLogAZy0\n\nchpasswd:\n  list: |\n    root:test123\n    ubuntu:ubuntu\n  expire: False\n\nssh_pwauth: True\n\npackage_update: true\npackage_upgrade: true\npackages:\n  - qemu-guest-agent\n\nwrite_files:\n  - path: /etc/netplan/50-cloud-init.yaml\n    content: |\n      network:\n        version: 2\n        renderer: networkd\n        ethernets:\n          ens3:\n            dhcp4: no\n            addresses:\n              - 211.39.158.197/24\n            gateway4: 211.39.158.1\n            nameservers:\n              addresses:\n                - 8.8.8.8\n                - 8.8.4.4\nruncmd:\n  - apt-get update\n  - systemctl enable qemu-guest-agent\n  - systemctl start qemu-guest-agent\n  - netplan apply\n  - swapoff --all\n"
          },
          "sensitive_attributes": [],
          "private": "bnVsbA==",
          "dependencies": [
            "data.template_file.user_data"
          ]
        },
        {
          "index_key": 3,
          "schema_version": 0,
          "attributes": {
            "id": "/var/lib/libvirt/iso/cloud-init003.iso;54eac632-7d2b-4d3b-bae0-38dbfa3fb4e2",
            "meta_data": "",
            "name": "cloud-init003.iso",
            "network_config": "",
            "pool": "iso",
            "user_data": "#cloud-config\nusers:\n  - name: ubuntu\n    sudo: \"ALL=(ALL) NOPASSWD:ALL\"\n    shell: /bin/bash\n  - name: root\n    lock_passwd: false\n    hashed_passwd: $6$rounds=4096$dlS7oUlBJqLhuO1E$DhJ8oT.JjXmYHQSjST.ZDWyqP4TbrgXzt6zOAh8Nhbvkwm64qTRmMG09CpZx5iCGIAZmFdsxlqtZWKNLogAZy0\n\nchpasswd:\n  list: |\n    root:test123\n    ubuntu:ubuntu\n  expire: False\n\nssh_pwauth: True\n\npackage_update: true\npackage_upgrade: true\npackages:\n  - qemu-guest-agent\n\nwrite_files:\n  - path: /etc/netplan/50-cloud-init.yaml\n    content: |\n      network:\n        version: 2\n        renderer: networkd\n        ethernets:\n          ens3:\n            dhcp4: no\n            addresses:\n              - 211.39.158.198/24\n            gateway4: 211.39.158.1\n            nameservers:\n              addresses:\n                - 8.8.8.8\n                - 8.8.4.4\nruncmd:\n  - apt-get update\n  - systemctl enable qemu-guest-agent\n  - systemctl start qemu-guest-agent\n  - netplan apply\n  - swapoff --all\n"
          },
          "sensitive_attributes": [],
          "private": "bnVsbA==",
          "dependencies": [
            "data.template_file.user_data"
          ]
        },
        {
          "index_key": 4,
          "schema_version": 0,
          "attributes": {
            "id": "/var/lib/libvirt/iso/cloud-init004.iso;85f8c342-1535-471d-b340-34ba65f88c79",
            "meta_data": "",
            "name": "cloud-init004.iso",
            "network_config": "",
            "pool": "iso",
            "user_data": "#cloud-config\nusers:\n  - name: ubuntu\n    sudo: \"ALL=(ALL) NOPASSWD:ALL\"\n    shell: /bin/bash\n  - name: root\n    lock_passwd: false\n    hashed_passwd: $6$rounds=4096$dlS7oUlBJqLhuO1E$DhJ8oT.JjXmYHQSjST.ZDWyqP4TbrgXzt6zOAh8Nhbvkwm64qTRmMG09CpZx5iCGIAZmFdsxlqtZWKNLogAZy0\n\nchpasswd:\n  list: |\n    root:test123\n    ubuntu:ubuntu\n  expire: False\n\nssh_pwauth: True\n\npackage_update: true\npackage_upgrade: true\npackages:\n  - qemu-guest-agent\n\nwrite_files:\n  - path: /etc/netplan/50-cloud-init.yaml\n    content: |\n      network:\n        version: 2\n        renderer: networkd\n        ethernets:\n          ens3:\n            dhcp4: no\n            addresses:\n              - 211.39.158.199/24\n            gateway4: 211.39.158.1\n            nameservers:\n              addresses:\n                - 8.8.8.8\n                - 8.8.4.4\nruncmd:\n  - apt-get update\n  - systemctl enable qemu-guest-agent\n  - systemctl start qemu-guest-agent\n  - netplan apply\n  - swapoff --all\n"
          },
          "sensitive_attributes": [],
          "private": "bnVsbA==",
          "dependencies": [
            "data.template_file.user_data"
          ]
        }
      ]
    },
    {
      "mode": "managed",
      "type": "libvirt_domain",
      "name": "ubuntu",
      "provider": "provider[\"registry.terraform.io/dmacvicar/libvirt\"]",
      "instances": [
        {
          "index_key": 0,
          "schema_version": 0,
          "attributes": {
            "arch": "x86_64",
            "autostart": null,
            "boot_device": [],
            "cloudinit": "/var/lib/libvirt/iso/cloud-init000.iso;962a725d-7623-4cf1-adec-a97a80a77b1d",
            "cmdline": null,
            "console": [
              {
                "source_host": "127.0.0.1",
                "source_path": "",
                "source_service": "0",
                "target_port": "0",
                "target_type": "serial",
                "type": "pty"
              }
            ],
            "coreos_ignition": null,
            "cpu": [],
            "description": "",
            "disk": [
              {
                "block_device": "",
                "file": "",
                "scsi": false,
                "url": "",
                "volume_id": "/var/lib/libvirt/vm_images/master01-mylab_br-vol.qcow2",
                "wwn": ""
              },
              {
                "block_device": "",
                "file": "",
                "scsi": false,
                "url": "",
                "volume_id": "/var/lib/libvirt/vm_images/master01-mylab_br-datavol.qcow2",
                "wwn": ""
              }
            ],
            "emulator": "/usr/bin/qemu-system-x86_64",
            "filesystem": [],
            "firmware": "",
            "fw_cfg_name": "opt/com.coreos/config",
            "graphics": [
              {
                "autoport": true,
                "listen_address": "127.0.0.1",
                "listen_type": "none",
                "type": "spice"
              }
            ],
            "id": "d0eddc33-b95a-49e6-b144-048c5a962192",
            "initrd": "",
            "kernel": "",
            "machine": "ubuntu",
            "memory": 4096,
            "metadata": null,
            "name": "master01",
            "network_interface": [
              {
                "addresses": [],
                "bridge": "br0",
                "hostname": "",
                "mac": "52:54:00:D2:4F:50",
                "macvtap": "",
                "network_id": "",
                "network_name": "",
                "passthrough": "",
                "vepa": "",
                "wait_for_lease": false
              }
            ],
            "nvram": [],
            "qemu_agent": true,
            "running": true,
            "timeouts": null,
            "vcpu": 4,
            "video": [],
            "xml": []
          },
          "sensitive_attributes": [],
          "private": "eyJlMmJmYjczMC1lY2FhLTExZTYtOGY4OC0zNDM2M2JjN2M0YzAiOnsiY3JlYXRlIjozMDAwMDAwMDAwMDB9fQ==",
          "dependencies": [
            "data.template_file.user_data",
            "libvirt_cloudinit_disk.cloud-init",
            "libvirt_volume.source-img",
            "libvirt_volume.vm-boot-vol",
            "libvirt_volume.vm-data-vol"
          ]
        },
        {
          "index_key": 1,
          "schema_version": 0,
          "attributes": {
            "arch": "x86_64",
            "autostart": null,
            "boot_device": [],
            "cloudinit": "/var/lib/libvirt/iso/cloud-init001.iso;85b7f534-e1ce-4c93-9dfe-4889c2d601d0",
            "cmdline": null,
            "console": [
              {
                "source_host": "127.0.0.1",
                "source_path": "",
                "source_service": "0",
                "target_port": "0",
                "target_type": "serial",
                "type": "pty"
              }
            ],
            "coreos_ignition": null,
            "cpu": [],
            "description": "",
            "disk": [
              {
                "block_device": "",
                "file": "",
                "scsi": false,
                "url": "",
                "volume_id": "/var/lib/libvirt/vm_images/master02-mylab_br-vol.qcow2",
                "wwn": ""
              },
              {
                "block_device": "",
                "file": "",
                "scsi": false,
                "url": "",
                "volume_id": "/var/lib/libvirt/vm_images/master02-mylab_br-datavol.qcow2",
                "wwn": ""
              }
            ],
            "emulator": "/usr/bin/qemu-system-x86_64",
            "filesystem": [],
            "firmware": "",
            "fw_cfg_name": "opt/com.coreos/config",
            "graphics": [
              {
                "autoport": true,
                "listen_address": "127.0.0.1",
                "listen_type": "none",
                "type": "spice"
              }
            ],
            "id": "67a121f1-077e-4bd2-b4f2-ec7b9d742d7a",
            "initrd": "",
            "kernel": "",
            "machine": "ubuntu",
            "memory": 4096,
            "metadata": null,
            "name": "master02",
            "network_interface": [
              {
                "addresses": [],
                "bridge": "br0",
                "hostname": "",
                "mac": "52:54:00:76:99:AB",
                "macvtap": "",
                "network_id": "",
                "network_name": "",
                "passthrough": "",
                "vepa": "",
                "wait_for_lease": false
              }
            ],
            "nvram": [],
            "qemu_agent": true,
            "running": true,
            "timeouts": null,
            "vcpu": 4,
            "video": [],
            "xml": []
          },
          "sensitive_attributes": [],
          "private": "eyJlMmJmYjczMC1lY2FhLTExZTYtOGY4OC0zNDM2M2JjN2M0YzAiOnsiY3JlYXRlIjozMDAwMDAwMDAwMDB9fQ==",
          "dependencies": [
            "data.template_file.user_data",
            "libvirt_cloudinit_disk.cloud-init",
            "libvirt_volume.source-img",
            "libvirt_volume.vm-boot-vol",
            "libvirt_volume.vm-data-vol"
          ]
        },
        {
          "index_key": 2,
          "schema_version": 0,
          "attributes": {
            "arch": "x86_64",
            "autostart": null,
            "boot_device": [],
            "cloudinit": "/var/lib/libvirt/iso/cloud-init002.iso;883fc886-0c6c-4c25-b38c-2a11078240b6",
            "cmdline": null,
            "console": [
              {
                "source_host": "127.0.0.1",
                "source_path": "",
                "source_service": "0",
                "target_port": "0",
                "target_type": "serial",
                "type": "pty"
              }
            ],
            "coreos_ignition": null,
            "cpu": [],
            "description": "",
            "disk": [
              {
                "block_device": "",
                "file": "",
                "scsi": false,
                "url": "",
                "volume_id": "/var/lib/libvirt/vm_images/master03-mylab_br-vol.qcow2",
                "wwn": ""
              },
              {
                "block_device": "",
                "file": "",
                "scsi": false,
                "url": "",
                "volume_id": "/var/lib/libvirt/vm_images/master03-mylab_br-datavol.qcow2",
                "wwn": ""
              }
            ],
            "emulator": "/usr/bin/qemu-system-x86_64",
            "filesystem": [],
            "firmware": "",
            "fw_cfg_name": "opt/com.coreos/config",
            "graphics": [
              {
                "autoport": true,
                "listen_address": "127.0.0.1",
                "listen_type": "none",
                "type": "spice"
              }
            ],
            "id": "5c6b9c22-56e6-407d-8ac7-77baa350a27e",
            "initrd": "",
            "kernel": "",
            "machine": "ubuntu",
            "memory": 4096,
            "metadata": null,
            "name": "master03",
            "network_interface": [
              {
                "addresses": [],
                "bridge": "br0",
                "hostname": "",
                "mac": "52:54:00:36:89:6B",
                "macvtap": "",
                "network_id": "",
                "network_name": "",
                "passthrough": "",
                "vepa": "",
                "wait_for_lease": false
              }
            ],
            "nvram": [],
            "qemu_agent": true,
            "running": true,
            "timeouts": null,
            "vcpu": 4,
            "video": [],
            "xml": []
          },
          "sensitive_attributes": [],
          "private": "eyJlMmJmYjczMC1lY2FhLTExZTYtOGY4OC0zNDM2M2JjN2M0YzAiOnsiY3JlYXRlIjozMDAwMDAwMDAwMDB9fQ==",
          "dependencies": [
            "data.template_file.user_data",
            "libvirt_cloudinit_disk.cloud-init",
            "libvirt_volume.source-img",
            "libvirt_volume.vm-boot-vol",
            "libvirt_volume.vm-data-vol"
          ]
        },
        {
          "index_key": 3,
          "schema_version": 0,
          "attributes": {
            "arch": "x86_64",
            "autostart": null,
            "boot_device": [],
            "cloudinit": "/var/lib/libvirt/iso/cloud-init003.iso;54eac632-7d2b-4d3b-bae0-38dbfa3fb4e2",
            "cmdline": null,
            "console": [
              {
                "source_host": "127.0.0.1",
                "source_path": "",
                "source_service": "0",
                "target_port": "0",
                "target_type": "serial",
                "type": "pty"
              }
            ],
            "coreos_ignition": null,
            "cpu": [],
            "description": "",
            "disk": [
              {
                "block_device": "",
                "file": "",
                "scsi": false,
                "url": "",
                "volume_id": "/var/lib/libvirt/vm_images/worker01-mylab_br-vol.qcow2",
                "wwn": ""
              },
              {
                "block_device": "",
                "file": "",
                "scsi": false,
                "url": "",
                "volume_id": "/var/lib/libvirt/vm_images/worker01-mylab_br-datavol.qcow2",
                "wwn": ""
              }
            ],
            "emulator": "/usr/bin/qemu-system-x86_64",
            "filesystem": [],
            "firmware": "",
            "fw_cfg_name": "opt/com.coreos/config",
            "graphics": [
              {
                "autoport": true,
                "listen_address": "127.0.0.1",
                "listen_type": "none",
                "type": "spice"
              }
            ],
            "id": "0b012d7e-fdd5-4a50-9013-6e540a2e6ae7",
            "initrd": "",
            "kernel": "",
            "machine": "ubuntu",
            "memory": 8192,
            "metadata": null,
            "name": "worker01",
            "network_interface": [
              {
                "addresses": [],
                "bridge": "br0",
                "hostname": "",
                "mac": "52:54:00:92:45:E8",
                "macvtap": "",
                "network_id": "",
                "network_name": "",
                "passthrough": "",
                "vepa": "",
                "wait_for_lease": false
              }
            ],
            "nvram": [],
            "qemu_agent": true,
            "running": true,
            "timeouts": null,
            "vcpu": 4,
            "video": [],
            "xml": []
          },
          "sensitive_attributes": [],
          "private": "eyJlMmJmYjczMC1lY2FhLTExZTYtOGY4OC0zNDM2M2JjN2M0YzAiOnsiY3JlYXRlIjozMDAwMDAwMDAwMDB9fQ==",
          "dependencies": [
            "data.template_file.user_data",
            "libvirt_cloudinit_disk.cloud-init",
            "libvirt_volume.source-img",
            "libvirt_volume.vm-boot-vol",
            "libvirt_volume.vm-data-vol"
          ]
        },
        {
          "index_key": 4,
          "schema_version": 0,
          "attributes": {
            "arch": "x86_64",
            "autostart": null,
            "boot_device": [],
            "cloudinit": "/var/lib/libvirt/iso/cloud-init004.iso;85f8c342-1535-471d-b340-34ba65f88c79",
            "cmdline": null,
            "console": [
              {
                "source_host": "127.0.0.1",
                "source_path": "",
                "source_service": "0",
                "target_port": "0",
                "target_type": "serial",
                "type": "pty"
              }
            ],
            "coreos_ignition": null,
            "cpu": [],
            "description": "",
            "disk": [
              {
                "block_device": "",
                "file": "",
                "scsi": false,
                "url": "",
                "volume_id": "/var/lib/libvirt/vm_images/worker02-mylab_br-vol.qcow2",
                "wwn": ""
              },
              {
                "block_device": "",
                "file": "",
                "scsi": false,
                "url": "",
                "volume_id": "/var/lib/libvirt/vm_images/worker02-mylab_br-datavol.qcow2",
                "wwn": ""
              }
            ],
            "emulator": "/usr/bin/qemu-system-x86_64",
            "filesystem": [],
            "firmware": "",
            "fw_cfg_name": "opt/com.coreos/config",
            "graphics": [
              {
                "autoport": true,
                "listen_address": "127.0.0.1",
                "listen_type": "none",
                "type": "spice"
              }
            ],
            "id": "51fe522e-5b3a-4c4b-ab5a-458a61cb1fe6",
            "initrd": "",
            "kernel": "",
            "machine": "ubuntu",
            "memory": 8192,
            "metadata": null,
            "name": "worker02",
            "network_interface": [
              {
                "addresses": [],
                "bridge": "br0",
                "hostname": "",
                "mac": "52:54:00:F6:91:80",
                "macvtap": "",
                "network_id": "",
                "network_name": "",
                "passthrough": "",
                "vepa": "",
                "wait_for_lease": false
              }
            ],
            "nvram": [],
            "qemu_agent": true,
            "running": true,
            "timeouts": null,
            "vcpu": 4,
            "video": [],
            "xml": []
          },
          "sensitive_attributes": [],
          "private": "eyJlMmJmYjczMC1lY2FhLTExZTYtOGY4OC0zNDM2M2JjN2M0YzAiOnsiY3JlYXRlIjozMDAwMDAwMDAwMDB9fQ==",
          "dependencies": [
            "data.template_file.user_data",
            "libvirt_cloudinit_disk.cloud-init",
            "libvirt_volume.source-img",
            "libvirt_volume.vm-boot-vol",
            "libvirt_volume.vm-data-vol"
          ]
        }
      ]
    },
    {
      "mode": "managed",
      "type": "libvirt_volume",
      "name": "source-img",
      "provider": "provider[\"registry.terraform.io/dmacvicar/libvirt\"]",
      "instances": [
        {
          "schema_version": 0,
          "attributes": {
            "base_volume_id": null,
            "base_volume_name": null,
            "base_volume_pool": null,
            "format": "qcow2",
            "id": "/var/lib/libvirt/vm_images/source-im",
            "name": "source-im",
            "pool": "vm",
            "size": 2361393152,
            "source": "/home/ubuntu/ubuntu-20.04-server-cloudimg-amd64.img",
            "xml": []
          },
          "sensitive_attributes": [],
          "private": "bnVsbA=="
        }
      ]
    },
    {
      "mode": "managed",
      "type": "libvirt_volume",
      "name": "vm-boot-vol",
      "provider": "provider[\"registry.terraform.io/dmacvicar/libvirt\"]",
      "instances": [
        {
          "index_key": 0,
          "schema_version": 0,
          "attributes": {
            "base_volume_id": "/var/lib/libvirt/vm_images/source-im",
            "base_volume_name": null,
            "base_volume_pool": null,
            "format": "qcow2",
            "id": "/var/lib/libvirt/vm_images/master01-mylab_br-vol.qcow2",
            "name": "master01-mylab_br-vol.qcow2",
            "pool": "vm",
            "size": 10737418240,
            "source": null,
            "xml": []
          },
          "sensitive_attributes": [],
          "private": "bnVsbA==",
          "dependencies": [
            "libvirt_volume.source-img"
          ]
        },
        {
          "index_key": 1,
          "schema_version": 0,
          "attributes": {
            "base_volume_id": "/var/lib/libvirt/vm_images/source-im",
            "base_volume_name": null,
            "base_volume_pool": null,
            "format": "qcow2",
            "id": "/var/lib/libvirt/vm_images/master02-mylab_br-vol.qcow2",
            "name": "master02-mylab_br-vol.qcow2",
            "pool": "vm",
            "size": 10737418240,
            "source": null,
            "xml": []
          },
          "sensitive_attributes": [],
          "private": "bnVsbA==",
          "dependencies": [
            "libvirt_volume.source-img"
          ]
        },
        {
          "index_key": 2,
          "schema_version": 0,
          "attributes": {
            "base_volume_id": "/var/lib/libvirt/vm_images/source-im",
            "base_volume_name": null,
            "base_volume_pool": null,
            "format": "qcow2",
            "id": "/var/lib/libvirt/vm_images/master03-mylab_br-vol.qcow2",
            "name": "master03-mylab_br-vol.qcow2",
            "pool": "vm",
            "size": 10737418240,
            "source": null,
            "xml": []
          },
          "sensitive_attributes": [],
          "private": "bnVsbA==",
          "dependencies": [
            "libvirt_volume.source-img"
          ]
        },
        {
          "index_key": 3,
          "schema_version": 0,
          "attributes": {
            "base_volume_id": "/var/lib/libvirt/vm_images/source-im",
            "base_volume_name": null,
            "base_volume_pool": null,
            "format": "qcow2",
            "id": "/var/lib/libvirt/vm_images/worker01-mylab_br-vol.qcow2",
            "name": "worker01-mylab_br-vol.qcow2",
            "pool": "vm",
            "size": 10737418240,
            "source": null,
            "xml": []
          },
          "sensitive_attributes": [],
          "private": "bnVsbA==",
          "dependencies": [
            "libvirt_volume.source-img"
          ]
        },
        {
          "index_key": 4,
          "schema_version": 0,
          "attributes": {
            "base_volume_id": "/var/lib/libvirt/vm_images/source-im",
            "base_volume_name": null,
            "base_volume_pool": null,
            "format": "qcow2",
            "id": "/var/lib/libvirt/vm_images/worker02-mylab_br-vol.qcow2",
            "name": "worker02-mylab_br-vol.qcow2",
            "pool": "vm",
            "size": 10737418240,
            "source": null,
            "xml": []
          },
          "sensitive_attributes": [],
          "private": "bnVsbA==",
          "dependencies": [
            "libvirt_volume.source-img"
          ]
        }
      ]
    },
    {
      "mode": "managed",
      "type": "libvirt_volume",
      "name": "vm-data-vol",
      "provider": "provider[\"registry.terraform.io/dmacvicar/libvirt\"]",
      "instances": [
        {
          "index_key": 0,
          "schema_version": 0,
          "attributes": {
            "base_volume_id": null,
            "base_volume_name": null,
            "base_volume_pool": null,
            "format": "qcow2",
            "id": "/var/lib/libvirt/vm_images/master01-mylab_br-datavol.qcow2",
            "name": "master01-mylab_br-datavol.qcow2",
            "pool": "vm",
            "size": 21474836480,
            "source": null,
            "xml": []
          },
          "sensitive_attributes": [],
          "private": "bnVsbA=="
        },
        {
          "index_key": 1,
          "schema_version": 0,
          "attributes": {
            "base_volume_id": null,
            "base_volume_name": null,
            "base_volume_pool": null,
            "format": "qcow2",
            "id": "/var/lib/libvirt/vm_images/master02-mylab_br-datavol.qcow2",
            "name": "master02-mylab_br-datavol.qcow2",
            "pool": "vm",
            "size": 21474836480,
            "source": null,
            "xml": []
          },
          "sensitive_attributes": [],
          "private": "bnVsbA=="
        },
        {
          "index_key": 2,
          "schema_version": 0,
          "attributes": {
            "base_volume_id": null,
            "base_volume_name": null,
            "base_volume_pool": null,
            "format": "qcow2",
            "id": "/var/lib/libvirt/vm_images/master03-mylab_br-datavol.qcow2",
            "name": "master03-mylab_br-datavol.qcow2",
            "pool": "vm",
            "size": 21474836480,
            "source": null,
            "xml": []
          },
          "sensitive_attributes": [],
          "private": "bnVsbA=="
        },
        {
          "index_key": 3,
          "schema_version": 0,
          "attributes": {
            "base_volume_id": null,
            "base_volume_name": null,
            "base_volume_pool": null,
            "format": "qcow2",
            "id": "/var/lib/libvirt/vm_images/worker01-mylab_br-datavol.qcow2",
            "name": "worker01-mylab_br-datavol.qcow2",
            "pool": "vm",
            "size": 21474836480,
            "source": null,
            "xml": []
          },
          "sensitive_attributes": [],
          "private": "bnVsbA=="
        },
        {
          "index_key": 4,
          "schema_version": 0,
          "attributes": {
            "base_volume_id": null,
            "base_volume_name": null,
            "base_volume_pool": null,
            "format": "qcow2",
            "id": "/var/lib/libvirt/vm_images/worker02-mylab_br-datavol.qcow2",
            "name": "worker02-mylab_br-datavol.qcow2",
            "pool": "vm",
            "size": 21474836480,
            "source": null,
            "xml": []
          },
          "sensitive_attributes": [],
          "private": "bnVsbA=="
        }
      ]
    }
  ],
  "check_results": null
}
